
Microsoft Visual Studio Solution File, Format Version 12.00
# Visual Studio Version 16
VisualStudioVersion = 16.0.29509.3
MinimumVisualStudioVersion = 10.0.40219.1
Project("{FAE04EC0-301F-11D3-BF4B-00C04F79EFBC}") = "SalesWebMvc", "SalesWebMvc\SalesWebMvc.csproj", "{044B4BF0-06B8-4754-AB13-1D0B6EBDDE02}"
EndProject
Global
	GlobalSection(SolutionConfigurationPlatforms) = preSolution
		Debug|Any CPU = Debug|Any CPU
		Release|Any CPU = Release|Any CPU
	EndGlobalSection
	GlobalSection(ProjectConfigurationPlatforms) = postSolution
		{044B4BF0-06B8-4754-AB13-1D0B6EBDDE02}.Debug|Any CPU.ActiveCfg = Debug|Any CPU
		{044B4BF0-06B8-4754-AB13-1D0B6EBDDE02}.Debug|Any CPU.Build.0 = Debug|Any CPU
		{044B4BF0-06B8-4754-AB13-1D0B6EBDDE02}.Release|Any CPU.ActiveCfg = Release|Any CPU
		{044B4BF0-06B8-4754-AB13-1D0B6EBDDE02}.Release|Any CPU.Build.0 = Release|Any CPU
	EndGlobalSection
	GlobalSection(SolutionProperties) = preSolution
		HideSolutionNode = FALSE
	EndGlobalSection
	GlobalSection(ExtensibilityGlobals) = postSolution
		SolutionGuid = {7461C8F1-FF0D-49DF-A468-A897F4E647FC}
	EndGlobalSection
EndGlobal
